PODS:
  - devicelocale (0.0.1):
    - Flutter
  - Flutter (1.0.0)
  - fluttertoast (0.0.2):
    - Flutter
    - Toast
  - geolocator (6.1.9):
    - Flutter
  - shared_preferences (0.0.1):
    - Flutter
  - statusbar (0.0.1):
    - Flutter
  - Toast (4.0.0)
  - unique_ids (0.0.1):
    - Flutter

DEPENDENCIES:
  - devicelocale (from `.symlinks/plugins/devicelocale/ios`)
  - Flutter (from `Flutter`)
  - fluttertoast (from `.symlinks/plugins/fluttertoast/ios`)
  - geolocator (from `.symlinks/plugins/geolocator/ios`)
  - shared_preferences (from `.symlinks/plugins/shared_preferences/ios`)
  - statusbar (from `.symlinks/plugins/statusbar/ios`)
  - unique_ids (from `.symlinks/plugins/unique_ids/ios`)

SPEC REPOS:
  trunk:
    - Toast

EXTERNAL SOURCES:
  devicelocale:
    :path: ".symlinks/plugins/devicelocale/ios"
  Flutter:
    :path: Flutter
  fluttertoast:
    :path: ".symlinks/plugins/fluttertoast/ios"
  geolocator:
    :path: ".symlinks/plugins/geolocator/ios"
  shared_preferences:
    :path: ".symlinks/plugins/shared_preferences/ios"
  statusbar:
    :path: ".symlinks/plugins/statusbar/ios"
  unique_ids:
    :path: ".symlinks/plugins/unique_ids/ios"

SPEC CHECKSUMS:
  devicelocale: feebbe5e7a30adb8c4f83185de1b50ff19b44f00
  Flutter: 0e3d915762c693b495b44d77113d4970485de6ec
  fluttertoast: 6122fa75143e992b1d3470f61000f591a798cc58
  geolocator: 057a0c63a43e9c5296d8ad845a3ac8e6df23d899
  shared_preferences: af6bfa751691cdc24be3045c43ec037377ada40d
  statusbar: 7d4f3b27d5e9317b17bc48cbf6046f892bf9ebeb
  Toast: 91b396c56ee72a5790816f40d3a94dd357abc196
  unique_ids: af43dfe3e491210975f4c61c57251dfbaf0031e3

PODFILE CHECKSUM: 7368163408c647b7eb699d0d788ba6718e18fb8d

COCOAPODS: 1.10.0.beta.2
